
Microsoft Visual Studio Solution File, Format Version 12.00
# Visual Studio Version 16
VisualStudioVersion = 16.0.30204.135
MinimumVisualStudioVersion = 10.0.40219.1
Project("{FAE04EC0-301F-11D3-BF4B-00C04F79EFBC}") = "Nerede", "Nerede\Nerede.csproj", "{9B71F1B0-8941-4DFE-9E50-0A30CE9533A5}"
EndProject
Global
	GlobalSection(SolutionConfigurationPlatforms) = preSolution
		Debug|Any CPU = Debug|Any CPU
		Release|Any CPU = Release|Any CPU
	EndGlobalSection
	GlobalSection(ProjectConfigurationPlatforms) = postSolution
		{9B71F1B0-8941-4DFE-9E50-0A30CE9533A5}.Debug|Any CPU.ActiveCfg = Debug|Any CPU
		{9B71F1B0-8941-4DFE-9E50-0A30CE9533A5}.Debug|Any CPU.Build.0 = Debug|Any CPU
		{9B71F1B0-8941-4DFE-9E50-0A30CE9533A5}.Release|Any CPU.ActiveCfg = Release|Any CPU
		{9B71F1B0-8941-4DFE-9E50-0A30CE9533A5}.Release|Any CPU.Build.0 = Release|Any CPU
	EndGlobalSection
	GlobalSection(SolutionProperties) = preSolution
		HideSolutionNode = FALSE
	EndGlobalSection
	GlobalSection(ExtensibilityGlobals) = postSolution
		SolutionGuid = {B96A04B1-DA2C-4E5F-9A41-E5981A720DF6}
	EndGlobalSection
EndGlobal
